{
  "requires": true,
  "lockfileVersion": 1,
  "dependencies": {
    "@mojang/web-theme-bootstrap": {
      "version": "6.2.8",
      "resolved": "https://registry.npmjs.org/@mojang/web-theme-bootstrap/-/web-theme-bootstrap-6.2.8.tgz",
      "integrity": "sha512-9U7zF2S9A2uDMn/BDjm69yu9/MgE6j7C53bVSJqbgyuAN2UGefTaqcqHmD4LzZ5hxbPHgIBZ9jfdPnLmbRFBSQ==",
      "requires": {
        "bootstrap": "^4.3.1",
        "jquery": "^3.4.1",
        "popper.js": "^1.14.7"
      }
    },
    "bootstrap": {
      "version": "4.5.2",
      "resolved": "https://registry.npmjs.org/bootstrap/-/bootstrap-4.5.2.tgz",
      "integrity": "sha512-vlGn0bcySYl/iV+BGA544JkkZP5LB3jsmkeKLFQakCOwCM3AOk7VkldBz4jrzSe+Z0Ezn99NVXa1o45cQY4R6A=="
    },
    "jquery": {
      "version": "3.5.1",
      "resolved": "https://registry.npmjs.org/jquery/-/jquery-3.5.1.tgz",
      "integrity": "sha512-XwIBPqcMn57FxfT+Go5pzySnm4KWkT1Tv7gjrpT1srtf8Weynl6R273VJ5GjkRb51IzMp5nbaPjJXMWeju2MKg=="
    },
    "popper.js": {
      "version": "1.16.1",
      "resolved": "https://registry.npmjs.org/popper.js/-/popper.js-1.16.1.tgz",
      "integrity": "sha512-Wb4p1J4zyFTbM+u6WuO4XstYx4Ky9Cewe4DWrel7B0w6VVICvPwdOpotjzcf6eD8TsckVnIMNONQyPIUFOUbCQ=="
    }
  }
}
